
Microsoft Visual Studio Solution File, Format Version 12.00
# Visual Studio Version 17
VisualStudioVersion = 17.14.36109.1 d17.14
MinimumVisualStudioVersion = 10.0.40219.1
Project("{888888A0-9F3D-457C-B088-3A5042F75D52}") = "TTS Audiobook from PDF", "TTS Audiobook from PDF.pyproj", "{17CADA8B-5197-46C8-AB98-FE93982080FA}"
EndProject
Global
	GlobalSection(SolutionConfigurationPlatforms) = preSolution
		Debug|Any CPU = Debug|Any CPU
		Release|Any CPU = Release|Any CPU
	EndGlobalSection
	GlobalSection(ProjectConfigurationPlatforms) = postSolution
		{17CADA8B-5197-46C8-AB98-FE93982080FA}.Debug|Any CPU.ActiveCfg = Debug|Any CPU
		{17CADA8B-5197-46C8-AB98-FE93982080FA}.Release|Any CPU.ActiveCfg = Release|Any CPU
	EndGlobalSection
	GlobalSection(SolutionProperties) = preSolution
		HideSolutionNode = FALSE
	EndGlobalSection
	GlobalSection(ExtensibilityGlobals) = postSolution
		SolutionGuid = {67995039-E25A-41CA-9405-0A1AF3F13935}
	EndGlobalSection
EndGlobal
